
Microsoft Visual Studio Solution File, Format Version 12.00
# Visual Studio Version 17
VisualStudioVersion = 17.5.33424.131
MinimumVisualStudioVersion = 10.0.40219.1
Project("{FAE04EC0-301F-11D3-BF4B-00C04F79EFBC}") = "pac-man", "pac-man\pac-man.csproj", "{18D4C40E-122B-404A-987E-1BB727B0792F}"
EndProject
Project("{FAE04EC0-301F-11D3-BF4B-00C04F79EFBC}") = "ClassLib", "ClassLib\ClassLib.csproj", "{A25CE884-1683-4853-8822-B8214092CFD1}"
EndProject
Global
	GlobalSection(SolutionConfigurationPlatforms) = preSolution
		Debug|Any CPU = Debug|Any CPU
		Release|Any CPU = Release|Any CPU
	EndGlobalSection
	GlobalSection(ProjectConfigurationPlatforms) = postSolution
		{18D4C40E-122B-404A-987E-1BB727B0792F}.Debug|Any CPU.ActiveCfg = Debug|Any CPU
		{18D4C40E-122B-404A-987E-1BB727B0792F}.Debug|Any CPU.Build.0 = Debug|Any CPU
		{18D4C40E-122B-404A-987E-1BB727B0792F}.Release|Any CPU.ActiveCfg = Release|Any CPU
		{18D4C40E-122B-404A-987E-1BB727B0792F}.Release|Any CPU.Build.0 = Release|Any CPU
		{A25CE884-1683-4853-8822-B8214092CFD1}.Debug|Any CPU.ActiveCfg = Debug|Any CPU
		{A25CE884-1683-4853-8822-B8214092CFD1}.Debug|Any CPU.Build.0 = Debug|Any CPU
		{A25CE884-1683-4853-8822-B8214092CFD1}.Release|Any CPU.ActiveCfg = Release|Any CPU
		{A25CE884-1683-4853-8822-B8214092CFD1}.Release|Any CPU.Build.0 = Release|Any CPU
	EndGlobalSection
	GlobalSection(SolutionProperties) = preSolution
		HideSolutionNode = FALSE
	EndGlobalSection
	GlobalSection(ExtensibilityGlobals) = postSolution
		SolutionGuid = {5AA503E9-C502-4C7F-86D8-B275D71D5E70}
	EndGlobalSection
EndGlobal
